
Microsoft Visual Studio Solution File, Format Version 12.00
# Visual Studio Version 17
VisualStudioVersion = 17.14.36915.13 d17.14
MinimumVisualStudioVersion = 10.0.40219.1
Project("{FAE04EC0-301F-11D3-BF4B-00C04F79EFBC}") = "Review_Q3", "Review_Q3.csproj", "{50B10499-8714-4247-BC88-4DD45BA87BBE}"
EndProject
Global
	GlobalSection(SolutionConfigurationPlatforms) = preSolution
		Debug|Any CPU = Debug|Any CPU
		Release|Any CPU = Release|Any CPU
	EndGlobalSection
	GlobalSection(ProjectConfigurationPlatforms) = postSolution
		{50B10499-8714-4247-BC88-4DD45BA87BBE}.Debug|Any CPU.ActiveCfg = Debug|Any CPU
		{50B10499-8714-4247-BC88-4DD45BA87BBE}.Debug|Any CPU.Build.0 = Debug|Any CPU
		{50B10499-8714-4247-BC88-4DD45BA87BBE}.Release|Any CPU.ActiveCfg = Release|Any CPU
		{50B10499-8714-4247-BC88-4DD45BA87BBE}.Release|Any CPU.Build.0 = Release|Any CPU
	EndGlobalSection
	GlobalSection(SolutionProperties) = preSolution
		HideSolutionNode = FALSE
	EndGlobalSection
	GlobalSection(ExtensibilityGlobals) = postSolution
		SolutionGuid = {0F58D535-558C-440A-BDFD-123DD74F482A}
	EndGlobalSection
EndGlobal
